
Microsoft Visual Studio Solution File, Format Version 12.00
# Visual Studio Version 16
VisualStudioVersion = 16.0.31410.357
MinimumVisualStudioVersion = 10.0.40219.1
Project("{FAE04EC0-301F-11D3-BF4B-00C04F79EFBC}") = "OcelotGateway", "OcelotGateway.csproj", "{1CBE9187-2DA8-4A5C-9EB9-0A970518924A}"
EndProject
Global
	GlobalSection(SolutionConfigurationPlatforms) = preSolution
		Debug|Any CPU = Debug|Any CPU
		Release|Any CPU = Release|Any CPU
	EndGlobalSection
	GlobalSection(ProjectConfigurationPlatforms) = postSolution
		{1CBE9187-2DA8-4A5C-9EB9-0A970518924A}.Debug|Any CPU.ActiveCfg = Debug|Any CPU
		{1CBE9187-2DA8-4A5C-9EB9-0A970518924A}.Debug|Any CPU.Build.0 = Debug|Any CPU
		{1CBE9187-2DA8-4A5C-9EB9-0A970518924A}.Release|Any CPU.ActiveCfg = Release|Any CPU
		{1CBE9187-2DA8-4A5C-9EB9-0A970518924A}.Release|Any CPU.Build.0 = Release|Any CPU
	EndGlobalSection
	GlobalSection(SolutionProperties) = preSolution
		HideSolutionNode = FALSE
	EndGlobalSection
	GlobalSection(ExtensibilityGlobals) = postSolution
		SolutionGuid = {546E2C08-4276-4480-8BBF-F6405DFB9A9B}
	EndGlobalSection
EndGlobal
